
Microsoft Visual Studio Solution File, Format Version 12.00
# Visual Studio Version 16
VisualStudioVersion = 16.0.29613.14
MinimumVisualStudioVersion = 10.0.40219.1
Project("{9A19103F-16F7-4668-BE54-9A1E7A4F7556}") = "Beranek.ErrorComponents", "Beranek.ErrorComponents\Beranek.ErrorComponents.csproj", "{8EFC969D-2758-4AE0-AA68-F5BC8C78E895}"
EndProject
Project("{FAE04EC0-301F-11D3-BF4B-00C04F79EFBC}") = "Beranek.ErrorComponentsTests", "Beranek.ErrorComponentsTests\Beranek.ErrorComponentsTests.csproj", "{5EAAF007-E245-464B-BBA0-EBBD476A7CA9}"
EndProject
Global
	GlobalSection(SolutionConfigurationPlatforms) = preSolution
		Debug|Any CPU = Debug|Any CPU
		Release|Any CPU = Release|Any CPU
	EndGlobalSection
	GlobalSection(ProjectConfigurationPlatforms) = postSolution
		{8EFC969D-2758-4AE0-AA68-F5BC8C78E895}.Debug|Any CPU.ActiveCfg = Debug|Any CPU
		{8EFC969D-2758-4AE0-AA68-F5BC8C78E895}.Debug|Any CPU.Build.0 = Debug|Any CPU
		{8EFC969D-2758-4AE0-AA68-F5BC8C78E895}.Release|Any CPU.ActiveCfg = Release|Any CPU
		{8EFC969D-2758-4AE0-AA68-F5BC8C78E895}.Release|Any CPU.Build.0 = Release|Any CPU
		{5EAAF007-E245-464B-BBA0-EBBD476A7CA9}.Debug|Any CPU.ActiveCfg = Debug|Any CPU
		{5EAAF007-E245-464B-BBA0-EBBD476A7CA9}.Debug|Any CPU.Build.0 = Debug|Any CPU
		{5EAAF007-E245-464B-BBA0-EBBD476A7CA9}.Release|Any CPU.ActiveCfg = Release|Any CPU
		{5EAAF007-E245-464B-BBA0-EBBD476A7CA9}.Release|Any CPU.Build.0 = Release|Any CPU
	EndGlobalSection
	GlobalSection(SolutionProperties) = preSolution
		HideSolutionNode = FALSE
	EndGlobalSection
	GlobalSection(ExtensibilityGlobals) = postSolution
		SolutionGuid = {D6BEBA4D-30E5-47A9-A7E8-ED963CCC8C64}
	EndGlobalSection
EndGlobal
